Microsoft Visual Studio Solution File, Format Version 11.00
# Visual Studio 2008

Project("{C973141C-44D4-ECC4-E731-7403032EEF0D}") = "PastFutureJam", "Assembly-CSharp.csproj", "{FC07A97E-6A92-CD59-434A-46BD5C42FA99}"
EndProject
Global
	GlobalSection(SolutionConfigurationPlatforms) = preSolution
		Debug|Any CPU = Debug|Any CPU
		Release|Any CPU = Release|Any CPU
	EndGlobalSection
	GlobalSection(ProjectConfigurationPlatforms) = postSolution
		{FC07A97E-6A92-CD59-434A-46BD5C42FA99}.Debug|Any CPU.ActiveCfg = Debug|Any CPU
		{FC07A97E-6A92-CD59-434A-46BD5C42FA99}.Debug|Any CPU.Build.0 = Debug|Any CPU
		{FC07A97E-6A92-CD59-434A-46BD5C42FA99}.Release|Any CPU.ActiveCfg = Release|Any CPU
		{FC07A97E-6A92-CD59-434A-46BD5C42FA99}.Release|Any CPU.Build.0 = Release|Any CPU
	EndGlobalSection
	GlobalSection(SolutionProperties) = preSolution
		HideSolutionNode = FALSE
	EndGlobalSection
		GlobalSection(MonoDevelopProperties) = preSolution
		StartupItem = Assembly-CSharp.csproj
		Policies = $0
		$0.TextStylePolicy = $1
		$1.inheritsSet = null
		$1.scope = text/x-csharp
		$0.CSharpFormattingPolicy = $2
		$2.inheritsSet = Mono
		$2.inheritsScope = text/x-csharp
		$2.scope = text/x-csharp
		$0.TextStylePolicy = $3
		$3.FileWidth = 120
		$3.TabWidth = 4
		$3.EolMarker = Unix
		$3.inheritsSet = Mono
		$3.inheritsScope = text/plain
		$3.scope = text/plain
	EndGlobalSection

EndGlobal
